// !$*UTF8*$!
{
	archiveVersion = 1;
	classes = {
	};
	objectVersion = 46;
	objects = {

/* Begin PBXBuildFile section */
		181594971B7DCC4F005BFC79 /* main.m in Sources */ = {isa = PBXBuildFile; fileRef = 181594961B7DCC4F005BFC79 /* main.m */; };
		1815949A1B7DCC4F005BFC79 /* AppDelegate.m in Sources */ = {isa = PBXBuildFile; fileRef = 181594991B7DCC4F005BFC79 /* AppDelegate.m */; };
		1815949D1B7DCC4F005BFC79 /* ViewController.m in Sources */ = {isa = PBXBuildFile; fileRef = 1815949C1B7DCC4F005BFC79 /* ViewController.m */; };
		181594A01B7DCC4F005BFC79 /* Main.storyboard in Resources */ = {isa = PBXBuildFile; fileRef = 1815949E1B7DCC4F005BFC79 /* Main.storyboard */; };
		181594A21B7DCC4F005BFC79 /* Images.xcassets in Resources */ = {isa = PBXBuildFile; fileRef = 181594A11B7DCC4F005BFC79 /* Images.xcassets */; };
		181594A51B7DCC4F005BFC79 /* LaunchScreen.xib in Resources */ = {isa = PBXBuildFile; fileRef = 181594A31B7DCC4F005BFC79 /* LaunchScreen.xib */; };
		181594B11B7DCC4F005BFC79 /* BlackHoleTests.m in Sources */ = {isa = PBXBuildFile; fileRef = 181594B01B7DCC4F005BFC79 /* BlackHoleTests.m */; };
/* End PBXBuildFile section */

/* Begin PBXContainerItemProxy section */
		181594AB1B7DCC4F005BFC79 /* PBXContainerItemProxy */ = {
			isa = PBXContainerItemProxy;
			containerPortal = 181594891B7DCC4F005BFC79 /* Project object */;
			proxyType = 1;
			remoteGlobalIDString = 181594901B7DCC4F005BFC79;
			remoteInfo = BlackHole;
		};
/* End PBXContainerItemProxy section */

/* Begin PBXFileReference section */
		181594911B7DCC4F005BFC79 /* BlackHole.app */ = {isa = PBXFileReference; explicitFileType = wrapper.application; includeInIndex = 0; path = BlackHole.app; sourceTree = BUILT_PRODUCTS_DIR; };
		181594951B7DCC4F005BFC79 /* Info.plist */ = {isa = PBXFileReference; lastKnownFileType = text.plist.xml; path = Info.plist; sourceTree = "<group>"; };
		181594961B7DCC4F005BFC79 /* main.m */ = {isa = PBXFileReference; lastKnownFileType = sourcecode.c.objc; path = main.m; sourceTree = "<group>"; };
		181594981B7DCC4F005BFC79 /* AppDelegate.h */ = {isa = PBXFileReference; lastKnownFileType = sourcecode.c.h; path = AppDelegate.h; sourceTree = "<group>"; };
		181594991B7DCC4F005BFC79 /* AppDelegate.m */ = {isa = PBXFileReference; lastKnownFileType = sourcecode.c.objc; path = AppDelegate.m; sourceTree = "<group>"; };
		1815949B1B7DCC4F005BFC79 /* ViewController.h */ = {isa = PBXFileReference; lastKnownFileType = sourcecode.c.h; path = ViewController.h; sourceTree = "<group>"; };
		1815949C1B7DCC4F005BFC79 /* ViewController.m */ = {isa = PBXFileReference; lastKnownFileType = sourcecode.c.objc; path = ViewController.m; sourceTree = "<group>"; };
		1815949F1B7DCC4F005BFC79 /* Base */ = {isa = PBXFileReference; lastKnownFileType = file.storyboard; name = Base; path = Base.lproj/Main.storyboard; sourceTree = "<group>"; };
		181594A11B7DCC4F005BFC79 /* Images.xcassets */ = {isa = PBXFileReference; lastKnownFileType = folder.assetcatalog; path = Images.xcassets; sourceTree = "<group>"; };
		181594A41B7DCC4F005BFC79 /* Base */ = {isa = PBXFileReference; lastKnownFileType = file.xib; name = Base; path = Base.lproj/LaunchScreen.xib; sourceTree = "<group>"; };
		181594AA1B7DCC4F005BFC79 /* BlackHoleTests.xctest */ = {isa = PBXFileReference; explicitFileType = wrapper.cfbundle; includeInIndex = 0; path = BlackHoleTests.xctest; sourceTree = BUILT_PRODUCTS_DIR; };
		181594AF1B7DCC4F005BFC79 /* Info.plist */ = {isa = PBXFileReference; lastKnownFileType = text.plist.xml; path = Info.plist; sourceTree = "<group>"; };
		181594B01B7DCC4F005BFC79 /* BlackHoleTests.m */ = {isa = PBXFileReference; lastKnownFileType = sourcecode.c.objc; path = BlackHoleTests.m; sourceTree = "<group>"; };
/* End PBXFileReference section */

/* Begin PBXFrameworksBuildPhase section */
		1815948E1B7DCC4F005BFC79 /* Frameworks */ = {
			isa = PBXFrameworksBuildPhase;
			buildActionMask = 2147483647;
			files = (
			);
			runOnlyForDeploymentPostprocessing = 0;
		};
		181594A71B7DCC4F005BFC79 /* Frameworks */ = {
			isa = PBXFrameworksBuildPhase;
			buildActionMask = 2147483647;
			files = (
			);
			runOnlyForDeploymentPostprocessing = 0;
		};
/* End PBXFrameworksBuildPhase section */

/* Begin PBXGroup section */
		181594881B7DCC4F005BFC79 = {
			isa = PBXGroup;
			children = (
				181594931B7DCC4F005BFC79 /* BlackHole */,
				181594AD1B7DCC4F005BFC79 /* BlackHoleTests */,
				181594921B7DCC4F005BFC79 /* Products */,
			);
			sourceTree = "<group>";
		};
		181594921B7DCC4F005BFC79 /* Products */ = {
			isa = PBXGroup;
			children = (
				181594911B7DCC4F005BFC79 /* BlackHole.app */,
				181594AA1B7DCC4F005BFC79 /* BlackHoleTests.xctest */,
			);
			name = Products;
			sourceTree = "<group>";
		};
		181594931B7DCC4F005BFC79 /* BlackHole */ = {
			isa = PBXGroup;
			children = (
				181594981B7DCC4F005BFC79 /* AppDelegate.h */,
				181594991B7DCC4F005BFC79 /* AppDelegate.m */,
				1815949B1B7DCC4F005BFC79 /* ViewController.h */,
				1815949C1B7DCC4F005BFC79 /* ViewController.m */,
				1815949E1B7DCC4F005BFC79 /* Main.storyboard */,
				181594A11B7DCC4F005BFC79 /* Images.xcassets */,
				181594A31B7DCC4F005BFC79 /* LaunchScreen.xib */,
				181594941B7DCC4F005BFC79 /* Supporting Files */,
			);
			path = BlackHole;
			sourceTree = "<group>";
		};
		181594941B7DCC4F005BFC79 /* Supporting Files */ = {
			isa = PBXGroup;
			children = (
				181594951B7DCC4F005BFC79 /* Info.plist */,
				181594961B7DCC4F005BFC79 /* main.m */,
			);
			name = "Supporting Files";
			sourceTree = "<group>";
		};
		181594AD1B7DCC4F005BFC79 /* BlackHoleTests */ = {
			isa = PBXGroup;
			children = (
				181594B01B7DCC4F005BFC79 /* BlackHoleTests.m */,
				181594AE1B7DCC4F005BFC79 /* Supporting Files */,
			);
			path = BlackHoleTests;
			sourceTree = "<group>";
		};
		181594AE1B7DCC4F005BFC79 /* Supporting Files */ = {
			isa = PBXGroup;
			children = (
				181594AF1B7DCC4F005BFC79 /* Info.plist */,
			);
			name = "Supporting Files";
			sourceTree = "<group>";
		};
/* End PBXGroup section */

/* Begin PBXNativeTarget section */
		181594901B7DCC4F005BFC79 /* BlackHole */ = {
			isa = PBXNativeTarget;
			buildConfigurationList = 181594B41B7DCC4F005BFC79 /* Build configuration list for PBXNativeTarget "BlackHole" */;
			buildPhases = (
				1815948D1B7DCC4F005BFC79 /* Sources */,
				1815948E1B7DCC4F005BFC79 /* Frameworks */,
				1815948F1B7DCC4F005BFC79 /* Resources */,
			);
			buildRules = (
			);
			dependencies = (
			);
			name = BlackHole;
			productName = BlackHole;
			productReference = 181594911B7DCC4F005BFC79 /* BlackHole.app */;
			productType = "com.apple.product-type.application";
		};
		181594A91B7DCC4F005BFC79 /* BlackHoleTests */ = {
			isa = PBXNativeTarget;
			buildConfigurationList = 181594B71B7DCC4F005BFC79 /* Build configuration list for PBXNativeTarget "BlackHoleTests" */;
			buildPhases = (
				181594A61B7DCC4F005BFC79 /* Sources */,
				181594A71B7DCC4F005BFC79 /* Frameworks */,
				181594A81B7DCC4F005BFC79 /* Resources */,
			);
			buildRules = (
			);
			dependencies = (
				181594AC1B7DCC4F005BFC79 /* PBXTargetDependency */,
			);
			name = BlackHoleTests;
			productName = BlackHoleTests;
			productReference = 181594AA1B7DCC4F005BFC79 /* BlackHoleTests.xctest */;
			productType = "com.apple.product-type.bundle.unit-test";
		};
/* End PBXNativeTarget section */

/* Begin PBXProject section */
		181594891B7DCC4F005BFC79 /* Project object */ = {
			isa = PBXProject;
			attributes = {
				LastUpgradeCheck = 0640;
				ORGANIZATIONNAME = apple;
				TargetAttributes = {
					181594901B7DCC4F005BFC79 = {
						CreatedOnToolsVersion = 6.4;
					};
					181594A91B7DCC4F005BFC79 = {
						CreatedOnToolsVersion = 6.4;
						TestTargetID = 181594901B7DCC4F005BFC79;
					};
				};
			};
			buildConfigurationList = 1815948C1B7DCC4F005BFC79 /* Build configuration list for PBXProject "BlackHole" */;
			compatibilityVersion = "Xcode 3.2";
			developmentRegion = English;
			hasScannedForEncodings = 0;
			knownRegions = (
				en,
				Base,
			);
			mainGroup = 181594881B7DCC4F005BFC79;
			productRefGroup = 181594921B7DCC4F005BFC79 /* Products */;
			projectDirPath = "";
			projectRoot = "";
			targets = (
				181594901B7DCC4F005BFC79 /* BlackHole */,
				181594A91B7DCC4F005BFC79 /* BlackHoleTests */,
			);
		};
/* End PBXProject section */

/* Begin PBXResourcesBuildPhase section */
		1815948F1B7DCC4F005BFC79 /* Resources */ = {
			isa = PBXResourcesBuildPhase;
			buildActionMask = 2147483647;
			files = (
				181594A01B7DCC4F005BFC79 /* Main.storyboard in Resources */,
				181594A51B7DCC4F005BFC79 /* LaunchScreen.xib in Resources */,
				181594A21B7DCC4F005BFC79 /* Images.xcassets in Resources */,
			);
			runOnlyForDeploymentPostprocessing = 0;
		};
		181594A81B7DCC4F005BFC79 /* Resources */ = {
			isa = PBXResourcesBuildPhase;
			buildActionMask = 2147483647;
			files = (
			);
			runOnlyForDeploymentPostprocessing = 0;
		};
/* End PBXResourcesBuildPhase section */

/* Begin PBXSourcesBuildPhase section */
		1815948D1B7DCC4F005BFC79 /* Sources */ = {
			isa = PBXSourcesBuildPhase;
			buildActionMask = 2147483647;
			files = (
				1815949D1B7DCC4F005BFC79 /* ViewController.m in Sources */,
				1815949A1B7DCC4F005BFC79 /* AppDelegate.m in Sources */,
				181594971B7DCC4F005BFC79 /* main.m in Sources */,
			);
			runOnlyForDeploymentPostprocessing = 0;
		};
		181594A61B7DCC4F005BFC79 /* Sources */ = {
			isa = PBXSourcesBuildPhase;
			buildActionMask = 2147483647;
			files = (
				181594B11B7DCC4F005BFC79 /* BlackHoleTests.m in Sources */,
			);
			runOnlyForDeploymentPostprocessing = 0;
		};
/* End PBXSourcesBuildPhase section */

/* Begin PBXTargetDependency section */
		181594AC1B7DCC4F005BFC79 /* PBXTargetDependency */ = {
			isa = PBXTargetDependency;
			target = 181594901B7DCC4F005BFC79 /* BlackHole */;
			targetProxy = 181594AB1B7DCC4F005BFC79 /* PBXContainerItemProxy */;
		};
/* End PBXTargetDependency section */

/* Begin PBXVariantGroup section */
		1815949E1B7DCC4F005BFC79 /* Main.storyboard */ = {
			isa = PBXVariantGroup;
			children = (
				1815949F1B7DCC4F005BFC79 /* Base */,
			);
			name = Main.storyboard;
			sourceTree = "<group>";
		};
		181594A31B7DCC4F005BFC79 /* LaunchScreen.xib */ = {
			isa = PBXVariantGroup;
			children = (
				181594A41B7DCC4F005BFC79 /* Base */,
			);
			name = LaunchScreen.xib;
			sourceTree = "<group>";
		};
/* End PBXVariantGroup section */

/* Begin XCBuildConfiguration section */
		181594B21B7DCC4F005BFC79 /* Debug */ = {
			isa = XCBuildConfiguration;
			buildSettings = {
				ALWAYS_SEARCH_USER_PATHS = NO;
				CLANG_CXX_LANGUAGE_STANDARD = "gnu++0x";
				CLANG_CXX_LIBRARY = "libc++";
				CLANG_ENABLE_MODULES = YES;
				CLANG_ENABLE_OBJC_ARC = YES;
				CLANG_WARN_BOOL_CONVERSION = YES;
				CLANG_WARN_CONSTANT_CONVERSION = YES;
				CLANG_WARN_DIRECT_OBJC_ISA_USAGE = YES_ERROR;
				CLANG_WARN_EMPTY_BODY = YES;
				CLANG_WARN_ENUM_CONVERSION = YES;
				CLANG_WARN_INT_CONVERSION = YES;
				CLANG_WARN_OBJC_ROOT_CLASS = YES_ERROR;
				CLANG_WARN_UNREACHABLE_CODE = YES;
				CLANG_WARN__DUPLICATE_METHOD_MATCH = YES;
				"CODE_SIGN_IDENTITY[sdk=iphoneos*]" = "iPhone Developer";
				COPY_PHASE_STRIP = NO;
				DEBUG_INFORMATION_FORMAT = "dwarf-with-dsym";
				ENABLE_STRICT_OBJC_MSGSEND = YES;
				GCC_C_LANGUAGE_STANDARD = gnu99;
				GCC_DYNAMIC_NO_PIC = NO;
				GCC_NO_COMMON_BLOCKS = YES;
				GCC_OPTIMIZATION_LEVEL = 0;
				GCC_PREPROCESSOR_DEFINITIONS = (
					"DEBUG=1",
					"$(inherited)",
				);
				GCC_SYMBOLS_PRIVATE_EXTERN = NO;
				GCC_WARN_64_TO_32_BIT_CONVERSION = YES;
				GCC_WARN_ABOUT_RETURN_TYPE = YES_ERROR;
				GCC_WARN_UNDECLARED_SELECTOR = YES;
				GCC_WARN_UNINITIALIZED_AUTOS = YES_AGGRESSIVE;
				GCC_WARN_UNUSED_FUNCTION = YES;
				GCC_WARN_UNUSED_VARIABLE = YES;
				IPHONEOS_DEPLOYMENT_TARGET = 8.4;
				MTL_ENABLE_DEBUG_INFO = YES;
				ONLY_ACTIVE_ARCH = YES;
				SDKROOT = iphoneos;
			};
			name = Debug;
		};
		181594B31B7DCC4F005BFC79 /* Release */ = {
			isa = XCBuildConfiguration;
			buildSettings = {
				ALWAYS_SEARCH_USER_PATHS = NO;
				CLANG_CXX_LANGUAGE_STANDARD = "gnu++0x";
				CLANG_CXX_LIBRARY = "libc++";
				CLANG_ENABLE_MODULES = YES;
				CLANG_ENABLE_OBJC_ARC = YES;
				CLANG_WARN_BOOL_CONVERSION = YES;
				CLANG_WARN_CONSTANT_CONVERSION = YES;
				CLANG_WARN_DIRECT_OBJC_ISA_USAGE = YES_ERROR;
				CLANG_WARN_EMPTY_BODY = YES;
				CLANG_WARN_ENUM_CONVERSION = YES;
				CLANG_WARN_INT_CONVERSION = YES;
				CLANG_WARN_OBJC_ROOT_CLASS = YES_ERROR;
				CLANG_WARN_UNREACHABLE_CODE = YES;
				CLANG_WARN__DUPLICATE_METHOD_MATCH = YES;
				"CODE_SIGN_IDENTITY[sdk=iphoneos*]" = "iPhone Developer";
				COPY_PHASE_STRIP = NO;
				DEBUG_INFORMATION_FORMAT = "dwarf-with-dsym";
				ENABLE_NS_ASSERTIONS = NO;
				ENABLE_STRICT_OBJC_MSGSEND = YES;
				GCC_C_LANGUAGE_STANDARD = gnu99;
				GCC_NO_COMMON_BLOCKS = YES;
				GCC_WARN_64_TO_32_BIT_CONVERSION = YES;
				GCC_WARN_ABOUT_RETURN_TYPE = YES_ERROR;
				GCC_WARN_UNDECLARED_SELECTOR = YES;
				GCC_WARN_UNINITIALIZED_AUTOS = YES_AGGRESSIVE;
				GCC_WARN_UNUSED_FUNCTION = YES;
				GCC_WARN_UNUSED_VARIABLE = YES;
				IPHONEOS_DEPLOYMENT_TARGET = 8.4;
				MTL_ENABLE_DEBUG_INFO = NO;
				SDKROOT = iphoneos;
				VALIDATE_PRODUCT = YES;
			};
			name = Release;
		};
		181594B51B7DCC4F005BFC79 /* Debug */ = {
			isa = XCBuildConfiguration;
			buildSettings = {
				ASSETCATALOG_COMPILER_APPICON_NAME = AppIcon;
				INFOPLIST_FILE = BlackHole/Info.plist;
				LD_RUNPATH_SEARCH_PATHS = "$(inherited) @executable_path/Frameworks";
				PRODUCT_NAME = "$(TARGET_NAME)";
			};
			name = Debug;
		};
		181594B61B7DCC4F005BFC79 /* Release */ = {
			isa = XCBuildConfiguration;
			buildSettings = {
				ASSETCATALOG_COMPILER_APPICON_NAME = AppIcon;
				INFOPLIST_FILE = BlackHole/Info.plist;
				LD_RUNPATH_SEARCH_PATHS = "$(inherited) @executable_path/Frameworks";
				PRODUCT_NAME = "$(TARGET_NAME)";
			};
			name = Release;
		};
		181594B81B7DCC4F005BFC79 /* Debug */ = {
			isa = XCBuildConfiguration;
			buildSettings = {
				BUNDLE_LOADER = "$(TEST_HOST)";
				FRAMEWORK_SEARCH_PATHS = (
					"$(SDKROOT)/Developer/Library/Frameworks",
					"$(inherited)",
				);
				GCC_PREPROCESSOR_DEFINITIONS = (
					"DEBUG=1",
					"$(inherited)",
				);
				INFOPLIST_FILE = BlackHoleTests/Info.plist;
				LD_RUNPATH_SEARCH_PATHS = "$(inherited) @executable_path/Frameworks @loader_path/Frameworks";
				PRODUCT_NAME = "$(TARGET_NAME)";
				TEST_HOST = "$(BUILT_PRODUCTS_DIR)/BlackHole.app/BlackHole";
			};
			name = Debug;
		};
		181594B91B7DCC4F005BFC79 /* Release */ = {
			isa = XCBuildConfiguration;
			buildSettings = {
				BUNDLE_LOADER = "$(TEST_HOST)";
				FRAMEWORK_SEARCH_PATHS = (
					"$(SDKROOT)/Developer/Library/Frameworks",
					"$(inherited)",
				);
				INFOPLIST_FILE = BlackHoleTests/Info.plist;
				LD_RUNPATH_SEARCH_PATHS = "$(inherited) @executable_path/Frameworks @loader_path/Frameworks";
				PRODUCT_NAME = "$(TARGET_NAME)";
				TEST_HOST = "$(BUILT_PRODUCTS_DIR)/BlackHole.app/BlackHole";
			};
			name = Release;
		};
/* End XCBuildConfiguration section */

/* Begin XCConfigurationList section */
		1815948C1B7DCC4F005BFC79 /* Build configuration list for PBXProject "BlackHole" */ = {
			isa = XCConfigurationList;
			buildConfigurations = (
				181594B21B7DCC4F005BFC79 /* Debug */,
				181594B31B7DCC4F005BFC79 /* Release */,
			);
			defaultConfigurationIsVisible = 0;
			defaultConfigurationName = Release;
		};
		181594B41B7DCC4F005BFC79 /* Build configuration list for PBXNativeTarget "BlackHole" */ = {
			isa = XCConfigurationList;
			buildConfigurations = (
				181594B51B7DCC4F005BFC79 /* Debug */,
				181594B61B7DCC4F005BFC79 /* Release */,
			);
			defaultConfigurationIsVisible = 0;
		};
		181594B71B7DCC4F005BFC79 /* Build configuration list for PBXNativeTarget "BlackHoleTests" */ = {
			isa = XCConfigurationList;
			buildConfigurations = (
				181594B81B7DCC4F005BFC79 /* Debug */,
				181594B91B7DCC4F005BFC79 /* Release */,
			);
			defaultConfigurationIsVisible = 0;
		};
/* End XCConfigurationList section */
	};
	rootObject = 181594891B7DCC4F005BFC79 /* Project object */;
}
